%{
  "earmark": {:hex, :earmark, "1.2.3", "206eb2e2ac1a794aa5256f3982de7a76bf4579ff91cb28d0e17ea2c9491e46a4", [:mix], [], "hexpm"},
  "ex_doc": {:hex, :ex_doc, "0.18.1", "37c69d2ef62f24928c1f4fdc7c724ea04aecfdf500c4329185f8e3649c915baf", [:mix], [{:earmark, "~> 1.1", [hex: :earmark, repo: "hexpm", optional: false]}], "hexpm"},
  "file_system": {:hex, :file_system, "0.2.5", "a3060f063b116daf56c044c273f65202e36f75ec42e678dc10653056d3366054", [:mix], [], "hexpm"},
  "gherkin": {:hex, :gherkin, "1.5.0", "c2793b02777783c5ee2e52468a80d43eccde629250564702d78763dbd00ef7ed", [:mix], [], "hexpm"},
  "mix_test_watch": {:hex, :mix_test_watch, "0.6.0", "5e206ed04860555a455de2983937efd3ce79f42bd8536fc6b900cc286f5bb830", [:mix], [{:file_system, "~> 0.2.1 or ~> 0.3", [hex: :file_system, repo: "hexpm", optional: false]}], "hexpm"},
}
